// !$*UTF8*$!
{
	archiveVersion = 1;
	classes = {
	};
	objectVersion = 46;
	objects = {

/* Begin PBXBuildFile section */
		666CD2441C66A5CC005F6F67 /* AppDelegate.swift in Sources */ = {isa = PBXBuildFile; fileRef = 666CD2431C66A5CC005F6F67 /* AppDelegate.swift */; };
		666CD2461C66A5CC005F6F67 /* ViewController.swift in Sources */ = {isa = PBXBuildFile; fileRef = 666CD2451C66A5CC005F6F67 /* ViewController.swift */; };
		666CD24B1C66A5CC005F6F67 /* Assets.xcassets in Resources */ = {isa = PBXBuildFile; fileRef = 666CD24A1C66A5CC005F6F67 /* Assets.xcassets */; };
		666CD24E1C66A5CC005F6F67 /* LaunchScreen.storyboard in Resources */ = {isa = PBXBuildFile; fileRef = 666CD24C1C66A5CC005F6F67 /* LaunchScreen.storyboard */; };
		666CD25B1C66B478005F6F67 /* LazyLoadCollectionViewController.swift in Sources */ = {isa = PBXBuildFile; fileRef = 666CD25A1C66B478005F6F67 /* LazyLoadCollectionViewController.swift */; };
		666CD25E1C66B596005F6F67 /* ImageManager.swift in Sources */ = {isa = PBXBuildFile; fileRef = 666CD25D1C66B596005F6F67 /* ImageManager.swift */; };
		6692F2EE1C66BEE2006E184D /* Main.storyboard in Resources */ = {isa = PBXBuildFile; fileRef = 6692F2ED1C66BEE2006E184D /* Main.storyboard */; };
		6692F2F21C66CF13006E184D /* LazyLoadTableViewController.swift in Sources */ = {isa = PBXBuildFile; fileRef = 6692F2F11C66CF13006E184D /* LazyLoadTableViewController.swift */; };
		6692F2F41C66D0EB006E184D /* ImagesAndTextsModel.swift in Sources */ = {isa = PBXBuildFile; fileRef = 6692F2F31C66D0EB006E184D /* ImagesAndTextsModel.swift */; };
/* End PBXBuildFile section */

/* Begin PBXFileReference section */
		666CD2401C66A5CC005F6F67 /* iOSLazyImageLoad.app */ = {isa = PBXFileReference; explicitFileType = wrapper.application; includeInIndex = 0; path = iOSLazyImageLoad.app; sourceTree = BUILT_PRODUCTS_DIR; };
		666CD2431C66A5CC005F6F67 /* AppDelegate.swift */ = {isa = PBXFileReference; lastKnownFileType = sourcecode.swift; path = AppDelegate.swift; sourceTree = "<group>"; };
		666CD2451C66A5CC005F6F67 /* ViewController.swift */ = {isa = PBXFileReference; lastKnownFileType = sourcecode.swift; path = ViewController.swift; sourceTree = "<group>"; };
		666CD24A1C66A5CC005F6F67 /* Assets.xcassets */ = {isa = PBXFileReference; lastKnownFileType = folder.assetcatalog; path = Assets.xcassets; sourceTree = "<group>"; };
		666CD24D1C66A5CC005F6F67 /* Base */ = {isa = PBXFileReference; lastKnownFileType = file.storyboard; name = Base; path = Base.lproj/LaunchScreen.storyboard; sourceTree = "<group>"; };
		666CD24F1C66A5CC005F6F67 /* Info.plist */ = {isa = PBXFileReference; lastKnownFileType = text.plist.xml; path = Info.plist; sourceTree = "<group>"; };
		666CD25A1C66B478005F6F67 /* LazyLoadCollectionViewController.swift */ = {isa = PBXFileReference; fileEncoding = 4; lastKnownFileType = sourcecode.swift; path = LazyLoadCollectionViewController.swift; sourceTree = "<group>"; };
		666CD25D1C66B596005F6F67 /* ImageManager.swift */ = {isa = PBXFileReference; fileEncoding = 4; lastKnownFileType = sourcecode.swift; path = ImageManager.swift; sourceTree = "<group>"; };
		6692F2ED1C66BEE2006E184D /* Main.storyboard */ = {isa = PBXFileReference; fileEncoding = 4; lastKnownFileType = file.storyboard; name = Main.storyboard; path = ../Main.storyboard; sourceTree = "<group>"; };
		6692F2F11C66CF13006E184D /* LazyLoadTableViewController.swift */ = {isa = PBXFileReference; fileEncoding = 4; lastKnownFileType = sourcecode.swift; path = LazyLoadTableViewController.swift; sourceTree = "<group>"; };
		6692F2F31C66D0EB006E184D /* ImagesAndTextsModel.swift */ = {isa = PBXFileReference; fileEncoding = 4; lastKnownFileType = sourcecode.swift; path = ImagesAndTextsModel.swift; sourceTree = "<group>"; };
/* End PBXFileReference section */

/* Begin PBXFrameworksBuildPhase section */
		666CD23D1C66A5CB005F6F67 /* Frameworks */ = {
			isa = PBXFrameworksBuildPhase;
			buildActionMask = 2147483647;
			files = (
			);
			runOnlyForDeploymentPostprocessing = 0;
		};
/* End PBXFrameworksBuildPhase section */

/* Begin PBXGroup section */
		666CD2371C66A5CB005F6F67 = {
			isa = PBXGroup;
			children = (
				666CD2421C66A5CC005F6F67 /* iOSLazyImageLoad */,
				666CD2411C66A5CC005F6F67 /* Products */,
			);
			sourceTree = "<group>";
		};
		666CD2411C66A5CC005F6F67 /* Products */ = {
			isa = PBXGroup;
			children = (
				666CD2401C66A5CC005F6F67 /* iOSLazyImageLoad.app */,
			);
			name = Products;
			sourceTree = "<group>";
		};
		666CD2421C66A5CC005F6F67 /* iOSLazyImageLoad */ = {
			isa = PBXGroup;
			children = (
				666CD25C1C66B4C8005F6F67 /* Model */,
				666CD2571C66B37E005F6F67 /* Storyboards & Views */,
				666CD2561C66B36B005F6F67 /* App & Resources */,
				666CD2551C66B363005F6F67 /* View Controllers */,
			);
			path = iOSLazyImageLoad;
			sourceTree = "<group>";
		};
		666CD2551C66B363005F6F67 /* View Controllers */ = {
			isa = PBXGroup;
			children = (
				666CD2451C66A5CC005F6F67 /* ViewController.swift */,
				666CD25A1C66B478005F6F67 /* LazyLoadCollectionViewController.swift */,
				6692F2F11C66CF13006E184D /* LazyLoadTableViewController.swift */,
			);
			name = "View Controllers";
			sourceTree = "<group>";
		};
		666CD2561C66B36B005F6F67 /* App & Resources */ = {
			isa = PBXGroup;
			children = (
				666CD2431C66A5CC005F6F67 /* AppDelegate.swift */,
				666CD24A1C66A5CC005F6F67 /* Assets.xcassets */,
				666CD24F1C66A5CC005F6F67 /* Info.plist */,
			);
			name = "App & Resources";
			sourceTree = "<group>";
		};
		666CD2571C66B37E005F6F67 /* Storyboards & Views */ = {
			isa = PBXGroup;
			children = (
				6692F2ED1C66BEE2006E184D /* Main.storyboard */,
				666CD24C1C66A5CC005F6F67 /* LaunchScreen.storyboard */,
			);
			name = "Storyboards & Views";
			sourceTree = "<group>";
		};
		666CD25C1C66B4C8005F6F67 /* Model */ = {
			isa = PBXGroup;
			children = (
				666CD25D1C66B596005F6F67 /* ImageManager.swift */,
				6692F2F31C66D0EB006E184D /* ImagesAndTextsModel.swift */,
			);
			name = Model;
			sourceTree = "<group>";
		};
/* End PBXGroup section */

/* Begin PBXNativeTarget section */
		666CD23F1C66A5CB005F6F67 /* iOSLazyImageLoad */ = {
			isa = PBXNativeTarget;
			buildConfigurationList = 666CD2521C66A5CC005F6F67 /* Build configuration list for PBXNativeTarget "iOSLazyImageLoad" */;
			buildPhases = (
				666CD23C1C66A5CB005F6F67 /* Sources */,
				666CD23D1C66A5CB005F6F67 /* Frameworks */,
				666CD23E1C66A5CB005F6F67 /* Resources */,
			);
			buildRules = (
			);
			dependencies = (
			);
			name = iOSLazyImageLoad;
			productName = iOSLazyImageLoad;
			productReference = 666CD2401C66A5CC005F6F67 /* iOSLazyImageLoad.app */;
			productType = "com.apple.product-type.application";
		};
/* End PBXNativeTarget section */

/* Begin PBXProject section */
		666CD2381C66A5CB005F6F67 /* Project object */ = {
			isa = PBXProject;
			attributes = {
				LastSwiftUpdateCheck = 0720;
				LastUpgradeCheck = 0720;
				ORGANIZATIONNAME = "Ignacio Nieto Carvajal";
				TargetAttributes = {
					666CD23F1C66A5CB005F6F67 = {
						CreatedOnToolsVersion = 7.2.1;
						LastSwiftMigration = 0800;
					};
				};
			};
			buildConfigurationList = 666CD23B1C66A5CB005F6F67 /* Build configuration list for PBXProject "iOSLazyImageLoad" */;
			compatibilityVersion = "Xcode 3.2";
			developmentRegion = English;
			hasScannedForEncodings = 0;
			knownRegions = (
				en,
				Base,
			);
			mainGroup = 666CD2371C66A5CB005F6F67;
			productRefGroup = 666CD2411C66A5CC005F6F67 /* Products */;
			projectDirPath = "";
			projectRoot = "";
			targets = (
				666CD23F1C66A5CB005F6F67 /* iOSLazyImageLoad */,
			);
		};
/* End PBXProject section */

/* Begin PBXResourcesBuildPhase section */
		666CD23E1C66A5CB005F6F67 /* Resources */ = {
			isa = PBXResourcesBuildPhase;
			buildActionMask = 2147483647;
			files = (
				666CD24E1C66A5CC005F6F67 /* LaunchScreen.storyboard in Resources */,
				6692F2EE1C66BEE2006E184D /* Main.storyboard in Resources */,
				666CD24B1C66A5CC005F6F67 /* Assets.xcassets in Resources */,
			);
			runOnlyForDeploymentPostprocessing = 0;
		};
/* End PBXResourcesBuildPhase section */

/* Begin PBXSourcesBuildPhase section */
		666CD23C1C66A5CB005F6F67 /* Sources */ = {
			isa = PBXSourcesBuildPhase;
			buildActionMask = 2147483647;
			files = (
				666CD2461C66A5CC005F6F67 /* ViewController.swift in Sources */,
				666CD25E1C66B596005F6F67 /* ImageManager.swift in Sources */,
				666CD2441C66A5CC005F6F67 /* AppDelegate.swift in Sources */,
				6692F2F21C66CF13006E184D /* LazyLoadTableViewController.swift in Sources */,
				6692F2F41C66D0EB006E184D /* ImagesAndTextsModel.swift in Sources */,
				666CD25B1C66B478005F6F67 /* LazyLoadCollectionViewController.swift in Sources */,
			);
			runOnlyForDeploymentPostprocessing = 0;
		};
/* End PBXSourcesBuildPhase section */

/* Begin PBXVariantGroup section */
		666CD24C1C66A5CC005F6F67 /* LaunchScreen.storyboard */ = {
			isa = PBXVariantGroup;
			children = (
				666CD24D1C66A5CC005F6F67 /* Base */,
			);
			name = LaunchScreen.storyboard;
			sourceTree = "<group>";
		};
/* End PBXVariantGroup section */

/* Begin XCBuildConfiguration section */
		666CD2501C66A5CC005F6F67 /* Debug */ = {
			isa = XCBuildConfiguration;
			buildSettings = {
				ALWAYS_SEARCH_USER_PATHS = NO;
				CLANG_CXX_LANGUAGE_STANDARD = "gnu++0x";
				CLANG_CXX_LIBRARY = "libc++";
				CLANG_ENABLE_MODULES = YES;
				CLANG_ENABLE_OBJC_ARC = YES;
				CLANG_WARN_BOOL_CONVERSION = YES;
				CLANG_WARN_CONSTANT_CONVERSION = YES;
				CLANG_WARN_DIRECT_OBJC_ISA_USAGE = YES_ERROR;
				CLANG_WARN_EMPTY_BODY = YES;
				CLANG_WARN_ENUM_CONVERSION = YES;
				CLANG_WARN_INT_CONVERSION = YES;
				CLANG_WARN_OBJC_ROOT_CLASS = YES_ERROR;
				CLANG_WARN_UNREACHABLE_CODE = YES;
				CLANG_WARN__DUPLICATE_METHOD_MATCH = YES;
				"CODE_SIGN_IDENTITY[sdk=iphoneos*]" = "iPhone Developer";
				COPY_PHASE_STRIP = NO;
				DEBUG_INFORMATION_FORMAT = dwarf;
				ENABLE_STRICT_OBJC_MSGSEND = YES;
				ENABLE_TESTABILITY = YES;
				GCC_C_LANGUAGE_STANDARD = gnu99;
				GCC_DYNAMIC_NO_PIC = NO;
				GCC_NO_COMMON_BLOCKS = YES;
				GCC_OPTIMIZATION_LEVEL = 0;
				GCC_PREPROCESSOR_DEFINITIONS = (
					"DEBUG=1",
					"$(inherited)",
				);
				GCC_WARN_64_TO_32_BIT_CONVERSION = YES;
				GCC_WARN_ABOUT_RETURN_TYPE = YES_ERROR;
				GCC_WARN_UNDECLARED_SELECTOR = YES;
				GCC_WARN_UNINITIALIZED_AUTOS = YES_AGGRESSIVE;
				GCC_WARN_UNUSED_FUNCTION = YES;
				GCC_WARN_UNUSED_VARIABLE = YES;
				IPHONEOS_DEPLOYMENT_TARGET = 9.2;
				MTL_ENABLE_DEBUG_INFO = YES;
				ONLY_ACTIVE_ARCH = YES;
				SDKROOT = iphoneos;
				SWIFT_OPTIMIZATION_LEVEL = "-Onone";
			};
			name = Debug;
		};
		666CD2511C66A5CC005F6F67 /* Release */ = {
			isa = XCBuildConfiguration;
			buildSettings = {
				ALWAYS_SEARCH_USER_PATHS = NO;
				CLANG_CXX_LANGUAGE_STANDARD = "gnu++0x";
				CLANG_CXX_LIBRARY = "libc++";
				CLANG_ENABLE_MODULES = YES;
				CLANG_ENABLE_OBJC_ARC = YES;
				CLANG_WARN_BOOL_CONVERSION = YES;
				CLANG_WARN_CONSTANT_CONVERSION = YES;
				CLANG_WARN_DIRECT_OBJC_ISA_USAGE = YES_ERROR;
				CLANG_WARN_EMPTY_BODY = YES;
				CLANG_WARN_ENUM_CONVERSION = YES;
				CLANG_WARN_INT_CONVERSION = YES;
				CLANG_WARN_OBJC_ROOT_CLASS = YES_ERROR;
				CLANG_WARN_UNREACHABLE_CODE = YES;
				CLANG_WARN__DUPLICATE_METHOD_MATCH = YES;
				"CODE_SIGN_IDENTITY[sdk=iphoneos*]" = "iPhone Developer";
				COPY_PHASE_STRIP = NO;
				DEBUG_INFORMATION_FORMAT = "dwarf-with-dsym";
				ENABLE_NS_ASSERTIONS = NO;
				ENABLE_STRICT_OBJC_MSGSEND = YES;
				GCC_C_LANGUAGE_STANDARD = gnu99;
				GCC_NO_COMMON_BLOCKS = YES;
				GCC_WARN_64_TO_32_BIT_CONVERSION = YES;
				GCC_WARN_ABOUT_RETURN_TYPE = YES_ERROR;
				GCC_WARN_UNDECLARED_SELECTOR = YES;
				GCC_WARN_UNINITIALIZED_AUTOS = YES_AGGRESSIVE;
				GCC_WARN_UNUSED_FUNCTION = YES;
				GCC_WARN_UNUSED_VARIABLE = YES;
				IPHONEOS_DEPLOYMENT_TARGET = 9.2;
				MTL_ENABLE_DEBUG_INFO = NO;
				SDKROOT = iphoneos;
				VALIDATE_PRODUCT = YES;
			};
			name = Release;
		};
		666CD2531C66A5CC005F6F67 /* Debug */ = {
			isa = XCBuildConfiguration;
			buildSettings = {
				ASSETCATALOG_COMPILER_APPICON_NAME = AppIcon;
				INFOPLIST_FILE = iOSLazyImageLoad/Info.plist;
				LD_RUNPATH_SEARCH_PATHS = "$(inherited) @executable_path/Frameworks";
				PRODUCT_BUNDLE_IDENTIFIER = "com.Ignacio-Nieto-Carvajal.iOSLazyImageLoad";
				PRODUCT_NAME = "$(TARGET_NAME)";
				SWIFT_VERSION = 3.0;
			};
			name = Debug;
		};
		666CD2541C66A5CC005F6F67 /* Release */ = {
			isa = XCBuildConfiguration;
			buildSettings = {
				ASSETCATALOG_COMPILER_APPICON_NAME = AppIcon;
				INFOPLIST_FILE = iOSLazyImageLoad/Info.plist;
				LD_RUNPATH_SEARCH_PATHS = "$(inherited) @executable_path/Frameworks";
				PRODUCT_BUNDLE_IDENTIFIER = "com.Ignacio-Nieto-Carvajal.iOSLazyImageLoad";
				PRODUCT_NAME = "$(TARGET_NAME)";
				SWIFT_VERSION = 3.0;
			};
			name = Release;
		};
/* End XCBuildConfiguration section */

/* Begin XCConfigurationList section */
		666CD23B1C66A5CB005F6F67 /* Build configuration list for PBXProject "iOSLazyImageLoad" */ = {
			isa = XCConfigurationList;
			buildConfigurations = (
				666CD2501C66A5CC005F6F67 /* Debug */,
				666CD2511C66A5CC005F6F67 /* Release */,
			);
			defaultConfigurationIsVisible = 0;
			defaultConfigurationName = Release;
		};
		666CD2521C66A5CC005F6F67 /* Build configuration list for PBXNativeTarget "iOSLazyImageLoad" */ = {
			isa = XCConfigurationList;
			buildConfigurations = (
				666CD2531C66A5CC005F6F67 /* Debug */,
				666CD2541C66A5CC005F6F67 /* Release */,
			);
			defaultConfigurationIsVisible = 0;
			defaultConfigurationName = Release;
		};
/* End XCConfigurationList section */
	};
	rootObject = 666CD2381C66A5CB005F6F67 /* Project object */;
}
